{
  "name": "proof-of-concept",
  "version": "1.0.0",
  "lockfileVersion": 3,
  "requires": true,
  "packages": {
    "": {
      "version": "1.0.0",
      "devDependencies": {
        "extra-bigint": "^1.1.17",
        "prettier": "^3.2.1",
        "ts-arithmetic": "^0.1.1"
      }
    },
    "node_modules/extra-bigint": {
      "version": "1.1.17",
      "resolved": "https://registry.npmjs.org/extra-bigint/-/extra-bigint-1.1.17.tgz",
      "integrity": "sha512-2Fkvshq6a8ZnsxPNM5vLyx3mHGwKXEirCpMupy4g494DRd9E09Toud0PJwq/INDJdL8oAagwAeoMbV7aAcnj5Q==",
      "dev": true
    },
    "node_modules/prettier": {
      "version": "3.2.1",
      "resolved": "https://registry.npmjs.org/prettier/-/prettier-3.2.1.tgz",
      "integrity": "sha512-qSUWshj1IobVbKc226Gw2pync27t0Kf0EdufZa9j7uBSJay1CC+B3K5lAAZoqgX3ASiKuWsk6OmzKRetXNObWg==",
      "dev": true,
      "bin": {
        "prettier": "bin/prettier.cjs"
      },
      "engines": {
        "node": ">=14"
      },
      "funding": {
        "url": "https://github.com/prettier/prettier?sponsor=1"
      }
    },
    "node_modules/ts-arithmetic": {
      "version": "0.1.1",
      "resolved": "https://registry.npmjs.org/ts-arithmetic/-/ts-arithmetic-0.1.1.tgz",
      "integrity": "sha512-3VqgsRgzaYfj+zKWn+7O66ifHwbOOnT2BoOrHwdEUBz7az0DetoZOS20+juNJh1klgzvWEi2Qxden41pomOUAQ==",
      "dev": true
    }
  }
}
